// !$*UTF8*$!
{
	archiveVersion = 1;
	classes = {
	};
	objectVersion = 46;
	objects = {

/* Begin PBXBuildFile section */
		CD01F8C319C1FB060015BBCC /* AppDelegate.swift in Sources */ = {isa = PBXBuildFile; fileRef = CD01F8C219C1FB060015BBCC /* AppDelegate.swift */; };
		CD01F8C519C1FB060015BBCC /* ViewController.swift in Sources */ = {isa = PBXBuildFile; fileRef = CD01F8C419C1FB060015BBCC /* ViewController.swift */; };
		CD01F8C819C1FB060015BBCC /* Main.storyboard in Resources */ = {isa = PBXBuildFile; fileRef = CD01F8C619C1FB060015BBCC /* Main.storyboard */; };
		CD01F8CA19C1FB060015BBCC /* Images.xcassets in Resources */ = {isa = PBXBuildFile; fileRef = CD01F8C919C1FB060015BBCC /* Images.xcassets */; };
		CD01F8CD19C1FB060015BBCC /* LaunchScreen.xib in Resources */ = {isa = PBXBuildFile; fileRef = CD01F8CB19C1FB060015BBCC /* LaunchScreen.xib */; };
		CD01F8D919C1FB060015BBCC /* PostcardTests.swift in Sources */ = {isa = PBXBuildFile; fileRef = CD01F8D819C1FB060015BBCC /* PostcardTests.swift */; };
/* End PBXBuildFile section */

/* Begin PBXContainerItemProxy section */
		CD01F8D319C1FB060015BBCC /* PBXContainerItemProxy */ = {
			isa = PBXContainerItemProxy;
			containerPortal = CD01F8B519C1FB060015BBCC /* Project object */;
			proxyType = 1;
			remoteGlobalIDString = CD01F8BC19C1FB060015BBCC;
			remoteInfo = Postcard;
		};
/* End PBXContainerItemProxy section */

/* Begin PBXFileReference section */
		CD01F8BD19C1FB060015BBCC /* Postcard.app */ = {isa = PBXFileReference; explicitFileType = wrapper.application; includeInIndex = 0; path = Postcard.app; sourceTree = BUILT_PRODUCTS_DIR; };
		CD01F8C119C1FB060015BBCC /* Info.plist */ = {isa = PBXFileReference; lastKnownFileType = text.plist.xml; path = Info.plist; sourceTree = "<group>"; };
		CD01F8C219C1FB060015BBCC /* AppDelegate.swift */ = {isa = PBXFileReference; lastKnownFileType = sourcecode.swift; path = AppDelegate.swift; sourceTree = "<group>"; };
		CD01F8C419C1FB060015BBCC /* ViewController.swift */ = {isa = PBXFileReference; lastKnownFileType = sourcecode.swift; path = ViewController.swift; sourceTree = "<group>"; };
		CD01F8C719C1FB060015BBCC /* Base */ = {isa = PBXFileReference; lastKnownFileType = file.storyboard; name = Base; path = Base.lproj/Main.storyboard; sourceTree = "<group>"; };
		CD01F8C919C1FB060015BBCC /* Images.xcassets */ = {isa = PBXFileReference; lastKnownFileType = folder.assetcatalog; path = Images.xcassets; sourceTree = "<group>"; };
		CD01F8CC19C1FB060015BBCC /* Base */ = {isa = PBXFileReference; lastKnownFileType = file.xib; name = Base; path = Base.lproj/LaunchScreen.xib; sourceTree = "<group>"; };
		CD01F8D219C1FB060015BBCC /* PostcardTests.xctest */ = {isa = PBXFileReference; explicitFileType = wrapper.cfbundle; includeInIndex = 0; path = PostcardTests.xctest; sourceTree = BUILT_PRODUCTS_DIR; };
		CD01F8D719C1FB060015BBCC /* Info.plist */ = {isa = PBXFileReference; lastKnownFileType = text.plist.xml; path = Info.plist; sourceTree = "<group>"; };
		CD01F8D819C1FB060015BBCC /* PostcardTests.swift */ = {isa = PBXFileReference; lastKnownFileType = sourcecode.swift; path = PostcardTests.swift; sourceTree = "<group>"; };
/* End PBXFileReference section */

/* Begin PBXFrameworksBuildPhase section */
		CD01F8BA19C1FB060015BBCC /* Frameworks */ = {
			isa = PBXFrameworksBuildPhase;
			buildActionMask = 2147483647;
			files = (
			);
			runOnlyForDeploymentPostprocessing = 0;
		};
		CD01F8CF19C1FB060015BBCC /* Frameworks */ = {
			isa = PBXFrameworksBuildPhase;
			buildActionMask = 2147483647;
			files = (
			);
			runOnlyForDeploymentPostprocessing = 0;
		};
/* End PBXFrameworksBuildPhase section */

/* Begin PBXGroup section */
		CD01F8B419C1FB060015BBCC = {
			isa = PBXGroup;
			children = (
				CD01F8BF19C1FB060015BBCC /* Postcard */,
				CD01F8D519C1FB060015BBCC /* PostcardTests */,
				CD01F8BE19C1FB060015BBCC /* Products */,
			);
			sourceTree = "<group>";
		};
		CD01F8BE19C1FB060015BBCC /* Products */ = {
			isa = PBXGroup;
			children = (
				CD01F8BD19C1FB060015BBCC /* Postcard.app */,
				CD01F8D219C1FB060015BBCC /* PostcardTests.xctest */,
			);
			name = Products;
			sourceTree = "<group>";
		};
		CD01F8BF19C1FB060015BBCC /* Postcard */ = {
			isa = PBXGroup;
			children = (
				CD01F8C219C1FB060015BBCC /* AppDelegate.swift */,
				CD01F8C419C1FB060015BBCC /* ViewController.swift */,
				CD01F8C619C1FB060015BBCC /* Main.storyboard */,
				CD01F8C919C1FB060015BBCC /* Images.xcassets */,
				CD01F8CB19C1FB060015BBCC /* LaunchScreen.xib */,
				CD01F8C019C1FB060015BBCC /* Supporting Files */,
			);
			path = Postcard;
			sourceTree = "<group>";
		};
		CD01F8C019C1FB060015BBCC /* Supporting Files */ = {
			isa = PBXGroup;
			children = (
				CD01F8C119C1FB060015BBCC /* Info.plist */,
			);
			name = "Supporting Files";
			sourceTree = "<group>";
		};
		CD01F8D519C1FB060015BBCC /* PostcardTests */ = {
			isa = PBXGroup;
			children = (
				CD01F8D819C1FB060015BBCC /* PostcardTests.swift */,
				CD01F8D619C1FB060015BBCC /* Supporting Files */,
			);
			path = PostcardTests;
			sourceTree = "<group>";
		};
		CD01F8D619C1FB060015BBCC /* Supporting Files */ = {
			isa = PBXGroup;
			children = (
				CD01F8D719C1FB060015BBCC /* Info.plist */,
			);
			name = "Supporting Files";
			sourceTree = "<group>";
		};
/* End PBXGroup section */

/* Begin PBXNativeTarget section */
		CD01F8BC19C1FB060015BBCC /* Postcard */ = {
			isa = PBXNativeTarget;
			buildConfigurationList = CD01F8DC19C1FB060015BBCC /* Build configuration list for PBXNativeTarget "Postcard" */;
			buildPhases = (
				CD01F8B919C1FB060015BBCC /* Sources */,
				CD01F8BA19C1FB060015BBCC /* Frameworks */,
				CD01F8BB19C1FB060015BBCC /* Resources */,
			);
			buildRules = (
			);
			dependencies = (
			);
			name = Postcard;
			productName = Postcard;
			productReference = CD01F8BD19C1FB060015BBCC /* Postcard.app */;
			productType = "com.apple.product-type.application";
		};
		CD01F8D119C1FB060015BBCC /* PostcardTests */ = {
			isa = PBXNativeTarget;
			buildConfigurationList = CD01F8DF19C1FB060015BBCC /* Build configuration list for PBXNativeTarget "PostcardTests" */;
			buildPhases = (
				CD01F8CE19C1FB060015BBCC /* Sources */,
				CD01F8CF19C1FB060015BBCC /* Frameworks */,
				CD01F8D019C1FB060015BBCC /* Resources */,
			);
			buildRules = (
			);
			dependencies = (
				CD01F8D419C1FB060015BBCC /* PBXTargetDependency */,
			);
			name = PostcardTests;
			productName = PostcardTests;
			productReference = CD01F8D219C1FB060015BBCC /* PostcardTests.xctest */;
			productType = "com.apple.product-type.bundle.unit-test";
		};
/* End PBXNativeTarget section */

/* Begin PBXProject section */
		CD01F8B519C1FB060015BBCC /* Project object */ = {
			isa = PBXProject;
			attributes = {
				LastUpgradeCheck = 0600;
				ORGANIZATIONNAME = "Dave Lu";
				TargetAttributes = {
					CD01F8BC19C1FB060015BBCC = {
						CreatedOnToolsVersion = 6.1;
					};
					CD01F8D119C1FB060015BBCC = {
						CreatedOnToolsVersion = 6.1;
						TestTargetID = CD01F8BC19C1FB060015BBCC;
					};
				};
			};
			buildConfigurationList = CD01F8B819C1FB060015BBCC /* Build configuration list for PBXProject "Postcard" */;
			compatibilityVersion = "Xcode 3.2";
			developmentRegion = English;
			hasScannedForEncodings = 0;
			knownRegions = (
				en,
				Base,
			);
			mainGroup = CD01F8B419C1FB060015BBCC;
			productRefGroup = CD01F8BE19C1FB060015BBCC /* Products */;
			projectDirPath = "";
			projectRoot = "";
			targets = (
				CD01F8BC19C1FB060015BBCC /* Postcard */,
				CD01F8D119C1FB060015BBCC /* PostcardTests */,
			);
		};
/* End PBXProject section */

/* Begin PBXResourcesBuildPhase section */
		CD01F8BB19C1FB060015BBCC /* Resources */ = {
			isa = PBXResourcesBuildPhase;
			buildActionMask = 2147483647;
			files = (
				CD01F8C819C1FB060015BBCC /* Main.storyboard in Resources */,
				CD01F8CD19C1FB060015BBCC /* LaunchScreen.xib in Resources */,
				CD01F8CA19C1FB060015BBCC /* Images.xcassets in Resources */,
			);
			runOnlyForDeploymentPostprocessing = 0;
		};
		CD01F8D019C1FB060015BBCC /* Resources */ = {
			isa = PBXResourcesBuildPhase;
			buildActionMask = 2147483647;
			files = (
			);
			runOnlyForDeploymentPostprocessing = 0;
		};
/* End PBXResourcesBuildPhase section */

/* Begin PBXSourcesBuildPhase section */
		CD01F8B919C1FB060015BBCC /* Sources */ = {
			isa = PBXSourcesBuildPhase;
			buildActionMask = 2147483647;
			files = (
				CD01F8C519C1FB060015BBCC /* ViewController.swift in Sources */,
				CD01F8C319C1FB060015BBCC /* AppDelegate.swift in Sources */,
			);
			runOnlyForDeploymentPostprocessing = 0;
		};
		CD01F8CE19C1FB060015BBCC /* Sources */ = {
			isa = PBXSourcesBuildPhase;
			buildActionMask = 2147483647;
			files = (
				CD01F8D919C1FB060015BBCC /* PostcardTests.swift in Sources */,
			);
			runOnlyForDeploymentPostprocessing = 0;
		};
/* End PBXSourcesBuildPhase section */

/* Begin PBXTargetDependency section */
		CD01F8D419C1FB060015BBCC /* PBXTargetDependency */ = {
			isa = PBXTargetDependency;
			target = CD01F8BC19C1FB060015BBCC /* Postcard */;
			targetProxy = CD01F8D319C1FB060015BBCC /* PBXContainerItemProxy */;
		};
/* End PBXTargetDependency section */

/* Begin PBXVariantGroup section */
		CD01F8C619C1FB060015BBCC /* Main.storyboard */ = {
			isa = PBXVariantGroup;
			children = (
				CD01F8C719C1FB060015BBCC /* Base */,
			);
			name = Main.storyboard;
			sourceTree = "<group>";
		};
		CD01F8CB19C1FB060015BBCC /* LaunchScreen.xib */ = {
			isa = PBXVariantGroup;
			children = (
				CD01F8CC19C1FB060015BBCC /* Base */,
			);
			name = LaunchScreen.xib;
			sourceTree = "<group>";
		};
/* End PBXVariantGroup section */

/* Begin XCBuildConfiguration section */
		CD01F8DA19C1FB060015BBCC /* Debug */ = {
			isa = XCBuildConfiguration;
			buildSettings = {
				ALWAYS_SEARCH_USER_PATHS = NO;
				CLANG_CXX_LANGUAGE_STANDARD = "gnu++0x";
				CLANG_CXX_LIBRARY = "libc++";
				CLANG_ENABLE_MODULES = YES;
				CLANG_ENABLE_OBJC_ARC = YES;
				CLANG_WARN_BOOL_CONVERSION = YES;
				CLANG_WARN_CONSTANT_CONVERSION = YES;
				CLANG_WARN_DIRECT_OBJC_ISA_USAGE = YES_ERROR;
				CLANG_WARN_EMPTY_BODY = YES;
				CLANG_WARN_ENUM_CONVERSION = YES;
				CLANG_WARN_INT_CONVERSION = YES;
				CLANG_WARN_OBJC_ROOT_CLASS = YES_ERROR;
				CLANG_WARN_UNREACHABLE_CODE = YES;
				CLANG_WARN__DUPLICATE_METHOD_MATCH = YES;
				"CODE_SIGN_IDENTITY[sdk=iphoneos*]" = "iPhone Developer";
				COPY_PHASE_STRIP = NO;
				ENABLE_STRICT_OBJC_MSGSEND = YES;
				GCC_C_LANGUAGE_STANDARD = gnu99;
				GCC_DYNAMIC_NO_PIC = NO;
				GCC_OPTIMIZATION_LEVEL = 0;
				GCC_PREPROCESSOR_DEFINITIONS = (
					"DEBUG=1",
					"$(inherited)",
				);
				GCC_SYMBOLS_PRIVATE_EXTERN = NO;
				GCC_WARN_64_TO_32_BIT_CONVERSION = YES;
				GCC_WARN_ABOUT_RETURN_TYPE = YES_ERROR;
				GCC_WARN_UNDECLARED_SELECTOR = YES;
				GCC_WARN_UNINITIALIZED_AUTOS = YES_AGGRESSIVE;
				GCC_WARN_UNUSED_FUNCTION = YES;
				GCC_WARN_UNUSED_VARIABLE = YES;
				IPHONEOS_DEPLOYMENT_TARGET = 8.0;
				MTL_ENABLE_DEBUG_INFO = YES;
				ONLY_ACTIVE_ARCH = YES;
				SDKROOT = iphoneos;
				SWIFT_OPTIMIZATION_LEVEL = "-Onone";
			};
			name = Debug;
		};
		CD01F8DB19C1FB060015BBCC /* Release */ = {
			isa = XCBuildConfiguration;
			buildSettings = {
				ALWAYS_SEARCH_USER_PATHS = NO;
				CLANG_CXX_LANGUAGE_STANDARD = "gnu++0x";
				CLANG_CXX_LIBRARY = "libc++";
				CLANG_ENABLE_MODULES = YES;
				CLANG_ENABLE_OBJC_ARC = YES;
				CLANG_WARN_BOOL_CONVERSION = YES;
				CLANG_WARN_CONSTANT_CONVERSION = YES;
				CLANG_WARN_DIRECT_OBJC_ISA_USAGE = YES_ERROR;
				CLANG_WARN_EMPTY_BODY = YES;
				CLANG_WARN_ENUM_CONVERSION = YES;
				CLANG_WARN_INT_CONVERSION = YES;
				CLANG_WARN_OBJC_ROOT_CLASS = YES_ERROR;
				CLANG_WARN_UNREACHABLE_CODE = YES;
				CLANG_WARN__DUPLICATE_METHOD_MATCH = YES;
				"CODE_SIGN_IDENTITY[sdk=iphoneos*]" = "iPhone Developer";
				COPY_PHASE_STRIP = YES;
				ENABLE_NS_ASSERTIONS = NO;
				ENABLE_STRICT_OBJC_MSGSEND = YES;
				GCC_C_LANGUAGE_STANDARD = gnu99;
				GCC_WARN_64_TO_32_BIT_CONVERSION = YES;
				GCC_WARN_ABOUT_RETURN_TYPE = YES_ERROR;
				GCC_WARN_UNDECLARED_SELECTOR = YES;
				GCC_WARN_UNINITIALIZED_AUTOS = YES_AGGRESSIVE;
				GCC_WARN_UNUSED_FUNCTION = YES;
				GCC_WARN_UNUSED_VARIABLE = YES;
				IPHONEOS_DEPLOYMENT_TARGET = 8.0;
				MTL_ENABLE_DEBUG_INFO = NO;
				SDKROOT = iphoneos;
				VALIDATE_PRODUCT = YES;
			};
			name = Release;
		};
		CD01F8DD19C1FB060015BBCC /* Debug */ = {
			isa = XCBuildConfiguration;
			buildSettings = {
				ASSETCATALOG_COMPILER_APPICON_NAME = AppIcon;
				INFOPLIST_FILE = Postcard/Info.plist;
				LD_RUNPATH_SEARCH_PATHS = "$(inherited) @executable_path/Frameworks";
				PRODUCT_NAME = "$(TARGET_NAME)";
			};
			name = Debug;
		};
		CD01F8DE19C1FB060015BBCC /* Release */ = {
			isa = XCBuildConfiguration;
			buildSettings = {
				ASSETCATALOG_COMPILER_APPICON_NAME = AppIcon;
				INFOPLIST_FILE = Postcard/Info.plist;
				LD_RUNPATH_SEARCH_PATHS = "$(inherited) @executable_path/Frameworks";
				PRODUCT_NAME = "$(TARGET_NAME)";
			};
			name = Release;
		};
		CD01F8E019C1FB060015BBCC /* Debug */ = {
			isa = XCBuildConfiguration;
			buildSettings = {
				BUNDLE_LOADER = "$(TEST_HOST)";
				FRAMEWORK_SEARCH_PATHS = (
					"$(SDKROOT)/Developer/Library/Frameworks",
					"$(inherited)",
				);
				GCC_PREPROCESSOR_DEFINITIONS = (
					"DEBUG=1",
					"$(inherited)",
				);
				INFOPLIST_FILE = PostcardTests/Info.plist;
				LD_RUNPATH_SEARCH_PATHS = "$(inherited) @executable_path/Frameworks @loader_path/Frameworks";
				PRODUCT_NAME = "$(TARGET_NAME)";
				TEST_HOST = "$(BUILT_PRODUCTS_DIR)/Postcard.app/Postcard";
			};
			name = Debug;
		};
		CD01F8E119C1FB060015BBCC /* Release */ = {
			isa = XCBuildConfiguration;
			buildSettings = {
				BUNDLE_LOADER = "$(TEST_HOST)";
				FRAMEWORK_SEARCH_PATHS = (
					"$(SDKROOT)/Developer/Library/Frameworks",
					"$(inherited)",
				);
				INFOPLIST_FILE = PostcardTests/Info.plist;
				LD_RUNPATH_SEARCH_PATHS = "$(inherited) @executable_path/Frameworks @loader_path/Frameworks";
				PRODUCT_NAME = "$(TARGET_NAME)";
				TEST_HOST = "$(BUILT_PRODUCTS_DIR)/Postcard.app/Postcard";
			};
			name = Release;
		};
/* End XCBuildConfiguration section */

/* Begin XCConfigurationList section */
		CD01F8B819C1FB060015BBCC /* Build configuration list for PBXProject "Postcard" */ = {
			isa = XCConfigurationList;
			buildConfigurations = (
				CD01F8DA19C1FB060015BBCC /* Debug */,
				CD01F8DB19C1FB060015BBCC /* Release */,
			);
			defaultConfigurationIsVisible = 0;
			defaultConfigurationName = Release;
		};
		CD01F8DC19C1FB060015BBCC /* Build configuration list for PBXNativeTarget "Postcard" */ = {
			isa = XCConfigurationList;
			buildConfigurations = (
				CD01F8DD19C1FB060015BBCC /* Debug */,
				CD01F8DE19C1FB060015BBCC /* Release */,
			);
			defaultConfigurationIsVisible = 0;
		};
		CD01F8DF19C1FB060015BBCC /* Build configuration list for PBXNativeTarget "PostcardTests" */ = {
			isa = XCConfigurationList;
			buildConfigurations = (
				CD01F8E019C1FB060015BBCC /* Debug */,
				CD01F8E119C1FB060015BBCC /* Release */,
			);
			defaultConfigurationIsVisible = 0;
		};
/* End XCConfigurationList section */
	};
	rootObject = CD01F8B519C1FB060015BBCC /* Project object */;
}
